# This file is autogenerated, do not edit; changes may be undone by the next 'dep ensure'.


[[projects]]
  name = "github.com/davecgh/go-spew"
  packages = ["spew"]
  revision = "8991bc29aa16c548c550c7ff78260e27b9ab7c73"
  version = "v1.1.1"

[[projects]]
  name = "github.com/fsnotify/fsnotify"
  packages = ["."]
  revision = "45d7d09e39ef4ac08d493309fa031790c15bfe8a"
  version = "v1.4.9"

[[projects]]
  branch = "develop"
  name = "github.com/glynternet/pkg"
  packages = ["cmd","log"]
  revision = "ba45570d30beb3a6d3ac88e1ed76e8aa95719da5"

[[projects]]
  name = "github.com/go-kit/kit"
  packages = ["log","log/level"]
  revision = "cc938d52e0cdf4c811ab203f428fcd06f9d9a148"
  version = "v0.10.0"

[[projects]]
  name = "github.com/go-logfmt/logfmt"
  packages = ["."]
  revision = "3be5f6aae7db841d31dc5e1b3bb7b4cff19200b3"
  version = "v0.5.0"

[[projects]]
  name = "github.com/golang/protobuf"
  packages = ["proto","ptypes","ptypes/any","ptypes/duration","ptypes/timestamp"]
  revision = "6c66de79d66478d166c7ea05f5d2ccaf016fbd6b"
  version = "v1.4.1"

[[projects]]
  name = "github.com/hashicorp/hcl"
  packages = [".","hcl/ast","hcl/parser","hcl/printer","hcl/scanner","hcl/strconv","hcl/token","json/parser","json/scanner","json/token"]
  revision = "8cb6e5b959231cc1119e43259c4a608f9c51a241"
  version = "v1.0.0"

[[projects]]
  name = "github.com/inconshreveable/mousetrap"
  packages = ["."]
  revision = "76626ae9c91c4f2a10f34cad8ce83ea42c93bb75"
  version = "v1.0"

[[projects]]
  name = "github.com/magiconair/properties"
  packages = ["."]
  revision = "de8848e004dd33dc07a2947b3d76f618a7fc7ef1"
  version = "v1.8.1"

[[projects]]
  name = "github.com/mitchellh/mapstructure"
  packages = ["."]
  revision = "916b5f23bc2f603eb9012f48efd9e38287e71ed5"
  version = "v1.3.0"

[[projects]]
  name = "github.com/pelletier/go-toml"
  packages = ["."]
  revision = "8e8d2a6aad23fcaa64716c5fa6975ec3abbf8281"
  version = "v1.7.0"

[[projects]]
  name = "github.com/pkg/errors"
  packages = ["."]
  revision = "ba968bfe8b2f7e042a574c888954fccecfa385b4"
  version = "v0.8.1"

[[projects]]
  name = "github.com/pmezard/go-difflib"
  packages = ["difflib"]
  revision = "792786c7400a136282c1664665ae0a8db921c6c2"
  version = "v1.0.0"

[[projects]]
  name = "github.com/spf13/afero"
  packages = [".","mem"]
  revision = "588a75ec4f32903aa5e39a2619ba6a4631e28424"
  version = "v1.2.2"

[[projects]]
  name = "github.com/spf13/cast"
  packages = ["."]
  revision = "1ffadf551085444af981432dd0f6d1160c11ec64"
  version = "v1.3.1"

[[projects]]
  name = "github.com/spf13/cobra"
  packages = ["."]
  revision = "6607e6b8603f56adb027298ee6695e06ffb3a819"
  version = "0.0.7"

[[projects]]
  name = "github.com/spf13/jwalterweatherman"
  packages = ["."]
  revision = "94f6ae3ed3bceceafa716478c5fbf8d29ca601a1"
  version = "v1.1.0"

[[projects]]
  name = "github.com/spf13/pflag"
  packages = ["."]
  revision = "2e9d26c8c37aae03e3f9d4e90b7116f5accb7cab"
  version = "v1.0.5"

[[projects]]
  name = "github.com/spf13/viper"
  packages = ["."]
  revision = "59b19175035095196a623aac8d0f5c83481f3d77"
  version = "v1.6.3"

[[projects]]
  name = "github.com/stretchr/testify"
  packages = ["assert"]
  revision = "3ebf1ddaeb260c4b1ae502a01c7844fa8c1fa0e9"
  version = "v1.5.1"

[[projects]]
  name = "github.com/subosito/gotenv"
  packages = ["."]
  revision = "2ef7124db659d49edac6aa459693a15ae36c671a"
  version = "v1.2.0"

[[projects]]
  branch = "master"
  name = "golang.org/x/net"
  packages = ["context","http/httpguts","http2","http2/hpack","idna","internal/timeseries","trace"]
  revision = "7e3656a0809f6f95abd88ac65313578f80b00df2"

[[projects]]
  branch = "master"
  name = "golang.org/x/sys"
  packages = ["internal/unsafeheader","unix"]
  revision = "bc7a7d42d5c30f4d0fe808715c002826ce2c624e"

[[projects]]
  name = "golang.org/x/text"
  packages = ["collate","collate/build","internal/colltab","internal/gen","internal/language","internal/language/compact","internal/tag","internal/triegen","internal/ucd","language","secure/bidirule","transform","unicode/bidi","unicode/cldr","unicode/norm","unicode/rangetable"]
  revision = "342b2e1fbaa52c93f31447ad2c6abc048c63e475"
  version = "v0.3.2"

[[projects]]
  branch = "master"
  name = "google.golang.org/genproto"
  packages = ["googleapis/rpc/status"]
  revision = "43844f6eee31fd8ee95bfe5daf9a24a45c5f3df2"

[[projects]]
  name = "google.golang.org/grpc"
  packages = [".","attributes","backoff","balancer","balancer/base","balancer/roundrobin","binarylog/grpc_binarylog_v1","codes","connectivity","credentials","credentials/internal","encoding","encoding/proto","grpclog","internal","internal/backoff","internal/balancerload","internal/binarylog","internal/buffer","internal/channelz","internal/envconfig","internal/grpclog","internal/grpcrand","internal/grpcsync","internal/grpcutil","internal/resolver/dns","internal/resolver/passthrough","internal/status","internal/syscall","internal/transport","keepalive","metadata","naming","peer","resolver","serviceconfig","stats","status","tap"]
  revision = "754ee590a4f386d0910d887f3b8776354042260b"
  version = "v1.29.1"

[[projects]]
  name = "google.golang.org/protobuf"
  packages = ["encoding/prototext","encoding/protowire","internal/descfmt","internal/descopts","internal/detrand","internal/encoding/defval","internal/encoding/messageset","internal/encoding/tag","internal/encoding/text","internal/errors","internal/fieldnum","internal/fieldsort","internal/filedesc","internal/filetype","internal/flags","internal/genname","internal/impl","internal/mapsort","internal/pragma","internal/set","internal/strs","internal/version","proto","reflect/protoreflect","reflect/protoregistry","runtime/protoiface","runtime/protoimpl","types/known/anypb","types/known/durationpb","types/known/timestamppb"]
  revision = "8b0d71ac935315b10385aaaf30175de0c74bbba6"
  version = "v1.22.0"

[[projects]]
  name = "gopkg.in/ini.v1"
  packages = ["."]
  revision = "39bc4ddcb8b9d0100f7a040816380ccda878b94a"
  version = "v1.55.0"

[[projects]]
  name = "gopkg.in/yaml.v2"
  packages = ["."]
  revision = "53403b58ad1b561927d19068c655246f2db79d48"
  version = "v2.2.8"

[solve-meta]
  analyzer-name = "dep"
  analyzer-version = 1
  inputs-digest = "ecf6503e76c01fb0be77248e06a1c4b5dfa8923ed314e09111e9a23efb3e67fc"
  solver-name = "gps-cdcl"
  solver-version = 1
